{
  "requires": true,
  "lockfileVersion": 1,
  "dependencies": {
    "@types/debug": {
      "version": "4.1.5",
      "resolved": "https://registry.npmjs.org/@types/debug/-/debug-4.1.5.tgz",
      "integrity": "sha512-Q1y515GcOdTHgagaVFhHnIFQ38ygs/kmxdNpvpou+raI9UO3YZcHDngBSYKQklcKlvA7iuQlmIKbzvmxcOE9CQ=="
    },
    "@types/node": {
      "version": "14.14.41",
      "resolved": "https://registry.npmjs.org/@types/node/-/node-14.14.41.tgz",
      "integrity": "sha512-dueRKfaJL4RTtSa7bWeTK1M+VH+Gns73oCgzvYfHZywRCoPSd8EkXBL0mZ9unPTveBn+D9phZBaxuzpwjWkW0g=="
    },
    "@types/puppeteer": {
      "version": "5.4.3",
      "resolved": "https://registry.npmjs.org/@types/puppeteer/-/puppeteer-5.4.3.tgz",
      "integrity": "sha512-3nE8YgR9DIsgttLW+eJf6mnXxq8Ge+27m5SU3knWmrlfl6+KOG0Bf9f7Ua7K+C4BnaTMAh3/UpySqdAYvrsvjg==",
      "requires": {
        "@types/node": "*"
      }
    },
    "arr-union": {
      "version": "3.1.0",
      "resolved": "https://registry.npmjs.org/arr-union/-/arr-union-3.1.0.tgz",
      "integrity": "sha1-45sJrqne+Gao8gbiiK9jkZuuOcQ="
    },
    "at-least-node": {
      "version": "1.0.0",
      "resolved": "https://registry.npmjs.org/at-least-node/-/at-least-node-1.0.0.tgz",
      "integrity": "sha512-+q/t7Ekv1EDY2l6Gda6LLiX14rU9TV20Wa3ofeQmwPFZbOMo9DXrLbOjFaaclkXKWidIaopwAObQDqwWtGUjqg=="
    },
    "clone-deep": {
      "version": "0.2.4",
      "resolved": "https://registry.npmjs.org/clone-deep/-/clone-deep-0.2.4.tgz",
      "integrity": "sha1-TnPdCen7lxzDhnDF3O2cGJZIHMY=",
      "requires": {
        "for-own": "^0.1.3",
        "is-plain-object": "^2.0.1",
        "kind-of": "^3.0.2",
        "lazy-cache": "^1.0.3",
        "shallow-clone": "^0.1.2"
      }
    },
    "debug": {
      "version": "4.3.1",
      "resolved": "https://registry.npmjs.org/debug/-/debug-4.3.1.tgz",
      "integrity": "sha512-doEwdvm4PCeK4K3RQN2ZC2BYUBaxwLARCqZmMjtF8a51J2Rb0xpVloFRnCODwqjpwnAoao4pelN8l3RJdv3gRQ==",
      "requires": {
        "ms": "2.1.2"
      }
    },
    "deepmerge": {
      "version": "4.2.2",
      "resolved": "https://registry.npmjs.org/deepmerge/-/deepmerge-4.2.2.tgz",
      "integrity": "sha512-FJ3UgI4gIl+PHZm53knsuSFpE+nESMr7M4v9QcgB7S63Kj/6WqMiFQJpBBYz1Pt+66bZpP3Q7Lye0Oo9MPKEdg=="
    },
    "for-in": {
      "version": "1.0.2",
      "resolved": "https://registry.npmjs.org/for-in/-/for-in-1.0.2.tgz",
      "integrity": "sha1-gQaNKVqBQuwKxybG4iAMMPttXoA="
    },
    "for-own": {
      "version": "0.1.5",
      "resolved": "https://registry.npmjs.org/for-own/-/for-own-0.1.5.tgz",
      "integrity": "sha1-UmXGgaTylNq78XyVCbZ2OqhFEM4=",
      "requires": {
        "for-in": "^1.0.1"
      }
    },
    "fs-extra": {
      "version": "9.1.0",
      "resolved": "https://registry.npmjs.org/fs-extra/-/fs-extra-9.1.0.tgz",
      "integrity": "sha512-hcg3ZmepS30/7BSFqRvoo3DOMQu7IjqxO5nCDt+zM9XWjb33Wg7ziNT+Qvqbuc3+gWpzO02JubVyk2G4Zvo1OQ==",
      "requires": {
        "at-least-node": "^1.0.0",
        "graceful-fs": "^4.2.0",
        "jsonfile": "^6.0.1",
        "universalify": "^2.0.0"
      }
    },
    "graceful-fs": {
      "version": "4.2.6",
      "resolved": "https://registry.npmjs.org/graceful-fs/-/graceful-fs-4.2.6.tgz",
      "integrity": "sha512-nTnJ528pbqxYanhpDYsi4Rd8MAeaBA67+RZ10CM1m3bTAVFEDcd5AuA4a6W5YkGZ1iNXHzZz8T6TBKLeBuNriQ=="
    },
    "is-buffer": {
      "version": "1.1.6",
      "resolved": "https://registry.npmjs.org/is-buffer/-/is-buffer-1.1.6.tgz",
      "integrity": "sha512-NcdALwpXkTm5Zvvbk7owOUSvVvBKDgKP5/ewfXEznmQFfs4ZRmanOeKBTjRVjka3QFoN6XJ+9F3USqfHqTaU5w=="
    },
    "is-extendable": {
      "version": "0.1.1",
      "resolved": "https://registry.npmjs.org/is-extendable/-/is-extendable-0.1.1.tgz",
      "integrity": "sha1-YrEQ4omkcUGOPsNqYX1HLjAd/Ik="
    },
    "is-plain-object": {
      "version": "2.0.4",
      "resolved": "https://registry.npmjs.org/is-plain-object/-/is-plain-object-2.0.4.tgz",
      "integrity": "sha512-h5PpgXkWitc38BBMYawTYMWJHFZJVnBquFE57xFpjB8pJFiF6gZ+bU+WyI/yqXiFR5mdLsgYNaPe8uao6Uv9Og==",
      "requires": {
        "isobject": "^3.0.1"
      }
    },
    "isobject": {
      "version": "3.0.1",
      "resolved": "https://registry.npmjs.org/isobject/-/isobject-3.0.1.tgz",
      "integrity": "sha1-TkMekrEalzFjaqH5yNHMvP2reN8="
    },
    "jsonfile": {
      "version": "6.1.0",
      "resolved": "https://registry.npmjs.org/jsonfile/-/jsonfile-6.1.0.tgz",
      "integrity": "sha512-5dgndWOriYSm5cnYaJNhalLNDKOqFwyDB/rr1E9ZsGciGvKPs8R2xYGCacuf3z6K1YKDz182fd+fY3cn3pMqXQ==",
      "requires": {
        "graceful-fs": "^4.1.6",
        "universalify": "^2.0.0"
      }
    },
    "kind-of": {
      "version": "3.2.2",
      "resolved": "https://registry.npmjs.org/kind-of/-/kind-of-3.2.2.tgz",
      "integrity": "sha1-MeohpzS6ubuw8yRm2JOupR5KPGQ=",
      "requires": {
        "is-buffer": "^1.1.5"
      }
    },
    "lazy-cache": {
      "version": "1.0.4",
      "resolved": "https://registry.npmjs.org/lazy-cache/-/lazy-cache-1.0.4.tgz",
      "integrity": "sha1-odePw6UEdMuAhF07O24dpJpEbo4="
    },
    "merge-deep": {
      "version": "3.0.3",
      "resolved": "https://registry.npmjs.org/merge-deep/-/merge-deep-3.0.3.tgz",
      "integrity": "sha512-qtmzAS6t6grwEkNrunqTBdn0qKwFgNWvlxUbAV8es9M7Ot1EbyApytCnvE0jALPa46ZpKDUo527kKiaWplmlFA==",
      "requires": {
        "arr-union": "^3.1.0",
        "clone-deep": "^0.2.4",
        "kind-of": "^3.0.2"
      }
    },
    "mixin-object": {
      "version": "2.0.1",
      "resolved": "https://registry.npmjs.org/mixin-object/-/mixin-object-2.0.1.tgz",
      "integrity": "sha1-T7lJRB2rGCVA8f4DW6YOGUel5X4=",
      "requires": {
        "for-in": "^0.1.3",
        "is-extendable": "^0.1.1"
      },
      "dependencies": {
        "for-in": {
          "version": "0.1.8",
          "resolved": "https://registry.npmjs.org/for-in/-/for-in-0.1.8.tgz",
          "integrity": "sha1-2Hc5COMSVhCZUrH9ubP6hn0ndeE="
        }
      }
    },
    "ms": {
      "version": "2.1.2",
      "resolved": "https://registry.npmjs.org/ms/-/ms-2.1.2.tgz",
      "integrity": "sha512-sGkPx+VjMtmA6MX27oA4FBFELFCZZ4S4XqeGOXCv68tT+jb3vk/RyaKWP0PTKyWtmLSM0b+adUTEvbs1PEaH2w=="
    },
    "puppeteer-extra": {
      "version": "3.1.18",
      "resolved": "https://registry.npmjs.org/puppeteer-extra/-/puppeteer-extra-3.1.18.tgz",
      "integrity": "sha512-mGQyAnxaGcZomx7NVC4wgAkZl0MLTdE/GIfwRSbLJ9L4yIxPg9uEA3yiLBe+x09tjhTGEtv8KDef8Bl53RXgiA==",
      "requires": {
        "@types/debug": "^4.1.0",
        "@types/puppeteer": "5.4.3",
        "debug": "^4.1.1",
        "deepmerge": "^4.2.2"
      }
    },
    "puppeteer-extra-plugin": {
      "version": "3.1.9",
      "resolved": "https://registry.npmjs.org/puppeteer-extra-plugin/-/puppeteer-extra-plugin-3.1.9.tgz",
      "integrity": "sha512-LYKj+3wGsnBzwEIpTertyOkzjcTHJn96FDSFXQ4Oo38CFFRw1qRBAJPPtAaMVjuVDqATeNd/RpP4n5jbxeX90g==",
      "requires": {
        "@types/debug": "^4.1.0",
        "debug": "^4.1.1",
        "merge-deep": "^3.0.1"
      }
    },
    "puppeteer-extra-plugin-stealth": {
      "version": "2.7.6",
      "resolved": "https://registry.npmjs.org/puppeteer-extra-plugin-stealth/-/puppeteer-extra-plugin-stealth-2.7.6.tgz",
      "integrity": "sha512-x9ZAV7u22xdnc3VqCtW5xqmGyH2nNNJLtLcWbTk473FE6agkJBxQe8kARdd6HcoDwg0wGVM8wCNPso/1WmOtoA==",
      "requires": {
        "debug": "^4.1.1",
        "puppeteer-extra-plugin": "^3.1.9",
        "puppeteer-extra-plugin-user-preferences": "^2.2.12"
      }
    },
    "puppeteer-extra-plugin-user-data-dir": {
      "version": "2.2.12",
      "resolved": "https://registry.npmjs.org/puppeteer-extra-plugin-user-data-dir/-/puppeteer-extra-plugin-user-data-dir-2.2.12.tgz",
      "integrity": "sha512-+RTNevJLswyh/RfQ+c46otTtE9eABKv8KkLGHcz1jpnVH/iX2wHu7VkXA5Y9pKBaLYDt83BON8wCowy5Eh/KWA==",
      "requires": {
        "debug": "^4.1.1",
        "fs-extra": "^9.1.0",
        "puppeteer-extra-plugin": "^3.1.9"
      }
    },
    "puppeteer-extra-plugin-user-preferences": {
      "version": "2.2.12",
      "resolved": "https://registry.npmjs.org/puppeteer-extra-plugin-user-preferences/-/puppeteer-extra-plugin-user-preferences-2.2.12.tgz",
      "integrity": "sha512-y4YOykpYHq0t8qnRyuSL6sIDIRKgdlKkIIFdRbfZx3cg7nxeVLkHgEz3v/Ob0U/lvzlSrr4xvHhG+KcVWH7BXA==",
      "requires": {
        "debug": "^4.1.1",
        "deepmerge": "^4.2.2",
        "puppeteer-extra-plugin": "^3.1.9",
        "puppeteer-extra-plugin-user-data-dir": "^2.2.12"
      }
    },
    "shallow-clone": {
      "version": "0.1.2",
      "resolved": "https://registry.npmjs.org/shallow-clone/-/shallow-clone-0.1.2.tgz",
      "integrity": "sha1-WQnodLp3EG1zrEFM/sH/yofZcGA=",
      "requires": {
        "is-extendable": "^0.1.1",
        "kind-of": "^2.0.1",
        "lazy-cache": "^0.2.3",
        "mixin-object": "^2.0.1"
      },
      "dependencies": {
        "kind-of": {
          "version": "2.0.1",
          "resolved": "https://registry.npmjs.org/kind-of/-/kind-of-2.0.1.tgz",
          "integrity": "sha1-AY7HpM5+OobLkUG+UZ0kyPqpgbU=",
          "requires": {
            "is-buffer": "^1.0.2"
          }
        },
        "lazy-cache": {
          "version": "0.2.7",
          "resolved": "https://registry.npmjs.org/lazy-cache/-/lazy-cache-0.2.7.tgz",
          "integrity": "sha1-f+3fLctu23fRHvHRF6tf/fCrG2U="
        }
      }
    },
    "universalify": {
      "version": "2.0.0",
      "resolved": "https://registry.npmjs.org/universalify/-/universalify-2.0.0.tgz",
      "integrity": "sha512-hAZsKq7Yy11Zu1DE0OzWjw7nnLZmJZYTDZZyEFHZdUhV8FkH5MCfoU1XMaxXovpyW5nq5scPqq0ZDP9Zyl04oQ=="
    }
  }
}
